<Solution>
  <Folder Name="/Api-SL/">
    <Project Path="StayPilot.Api/StayPilot.Api.csproj" Id="b91d8911-111a-46cb-a7d0-2a3603b14e50" />
  </Folder>
  <Folder Name="/Application-BL/">
    <Project Path="StayPilot.Application/StayPilot.Application.csproj" Id="a278f319-1a11-4678-aa22-fe255798297f" />
  </Folder>
  <Folder Name="/Domain-DM/">
    <Project Path="StayPilot.Domain/StayPilot.Domain.csproj" Id="ee59923e-ab65-4e08-a951-00e8ff819959" />
  </Folder>
  <Folder Name="/Infrastructure-DL/">
    <Project Path="StayPilot.Infrastructure/StayPilot.Infrastructure.csproj" Id="f9bae085-27eb-4d05-8682-cd0f5917a073" />
  </Folder>
  <Folder Name="/UnitTest-TL/">
    <Project Path="StayPilot.UnitTests/StayPilot.UnitTests.csproj" Id="2ff38d2a-3be8-40b8-958b-be32a446788f" />
  </Folder>
</Solution>
